# This file is automatically @generated by Poetry 1.7.1 and should not be changed by hand.

[[package]]
name = "ldif"
version = "4.2.2"
description = "generate and parse LDIF data (see RFC 2849)."
optional = false
python-versions = ">=3.9,<4.0"
files = [
    {file = "ldif-4.2.2-py3-none-any.whl", hash = "sha256:f626575cf01af0e7c24b3538410e27cea1f421fd0794e8ac8dc5266d8e3c6230"},
    {file = "ldif-4.2.2.tar.gz", hash = "sha256:281d2a0fd8519f2b3a5b09683249e53c110b923e56631f776addd78711c79954"},
]

[package.dependencies]
pip = ">=23.0.1,<24.0.0"

[[package]]
name = "networkx"
version = "3.2.1"
description = "Python package for creating and manipulating graphs and networks"
optional = false
python-versions = ">=3.9"
files = [
    {file = "networkx-3.2.1-py3-none-any.whl", hash = "sha256:f18c69adc97877c42332c170849c96cefa91881c99a7cb3e95b7c659ebdc1ec2"},
    {file = "networkx-3.2.1.tar.gz", hash = "sha256:9f1bb5cf3409bf324e0a722c20bdb4c20ee39bf1c30ce8ae499c8502b0b5e0c6"},
]

[package.extras]
default = ["matplotlib (>=3.5)", "numpy (>=1.22)", "pandas (>=1.4)", "scipy (>=1.9,!=1.11.0,!=1.11.1)"]
developer = ["changelist (==0.4)", "mypy (>=1.1)", "pre-commit (>=3.2)", "rtoml"]
doc = ["nb2plots (>=0.7)", "nbconvert (<7.9)", "numpydoc (>=1.6)", "pillow (>=9.4)", "pydata-sphinx-theme (>=0.14)", "sphinx (>=7)", "sphinx-gallery (>=0.14)", "texext (>=0.6.7)"]
extra = ["lxml (>=4.6)", "pydot (>=1.4.2)", "pygraphviz (>=1.11)", "sympy (>=1.10)"]
test = ["pytest (>=7.2)", "pytest-cov (>=4.0)"]

[[package]]
name = "parse"
version = "1.19.1"
description = "parse() is the opposite of format()"
optional = false
python-versions = "*"
files = [
    {file = "parse-1.19.1-py2.py3-none-any.whl", hash = "sha256:371ed3800dc63983832159cc9373156613947707bc448b5215473a219dbd4362"},
    {file = "parse-1.19.1.tar.gz", hash = "sha256:cc3a47236ff05da377617ddefa867b7ba983819c664e1afe46249e5b469be464"},
]

[[package]]
name = "pip"
version = "23.2.1"
description = "The PyPA recommended tool for installing Python packages."
optional = false
python-versions = ">=3.7"
files = [
    {file = "pip-23.2.1-py3-none-any.whl", hash = "sha256:7ccf472345f20d35bdc9d1841ff5f313260c2c33fe417f48c30ac46cccabf5be"},
    {file = "pip-23.2.1.tar.gz", hash = "sha256:fb0bd5435b3200c602b5bf61d2d43c2f13c02e29c1707567ae7fbc514eb9faf2"},
]

[[package]]
name = "pydot"
version = "2.0.0"
description = "Python interface to Graphviz's Dot"
optional = false
python-versions = ">=3.7"
files = [
    {file = "pydot-2.0.0-py3-none-any.whl", hash = "sha256:408a47913ea7bd5d2d34b274144880c1310c4aee901f353cf21fe2e526a4ea28"},
    {file = "pydot-2.0.0.tar.gz", hash = "sha256:60246af215123fa062f21cd791be67dda23a6f280df09f68919e637a1e4f3235"},
]

[package.dependencies]
pyparsing = ">=3"

[package.extras]
dev = ["black", "chardet"]
release = ["zest.releaser[recommended]"]
tests = ["black", "chardet", "tox"]

[[package]]
name = "pyparsing"
version = "3.1.1"
description = "pyparsing module - Classes and methods to define and execute parsing grammars"
optional = false
python-versions = ">=3.6.8"
files = [
    {file = "pyparsing-3.1.1-py3-none-any.whl", hash = "sha256:32c7c0b711493c72ff18a981d24f28aaf9c1fb7ed5e9667c9e84e3db623bdbfb"},
    {file = "pyparsing-3.1.1.tar.gz", hash = "sha256:ede28a1a32462f5a9705e07aea48001a08f7cf81a021585011deba701581a0db"},
]

[package.extras]
diagrams = ["jinja2", "railroad-diagrams"]

[metadata]
lock-version = "2.0"
python-versions = "^3.11"
content-hash = "ede2132ebc43d49925d738c9bf128a92ab6bce42873c31801092c0a74b03ff12"
